
Microsoft Visual Studio Solution File, Format Version 12.00
# Visual Studio Version 17
VisualStudioVersion = 17.11.35312.102
MinimumVisualStudioVersion = 10.0.40219.1
Project("{43bc3031-3b5d-43a5-ab29-636f10f1fc2e}") = "ForeverHz", "ForeverHz.csproj", "{1d4e4a10-f58e-49a9-b543-2c8b005d63e2}"
EndProject
Global
	GlobalSection(SolutionConfigurationPlatforms) = preSolution
		Debug|Any CPU = Debug|Any CPU
		Release|Any CPU = Release|Any CPU
	EndGlobalSection
	GlobalSection(ProjectConfigurationPlatforms) = postSolution
		{1d4e4a10-f58e-49a9-b543-2c8b005d63e2}.Debug|Any CPU.ActiveCfg = Debug|Any CPU
		{1d4e4a10-f58e-49a9-b543-2c8b005d63e2}.Debug|Any CPU.Build.0 = Debug|Any CPU
		{1d4e4a10-f58e-49a9-b543-2c8b005d63e2}.Release|Any CPU.ActiveCfg = Release|Any CPU
		{1d4e4a10-f58e-49a9-b543-2c8b005d63e2}.Release|Any CPU.Build.0 = Release|Any CPU
	EndGlobalSection
	GlobalSection(SolutionProperties) = preSolution
		HideSolutionNode = FALSE
	EndGlobalSection
	GlobalSection(ExtensibilityGlobals) = postSolution
		SolutionGuid = {7e702e61-9fdb-4ca2-89d5-7008dcf1a774}
	EndGlobalSection
EndGlobal
